
Microsoft Visual Studio Solution File, Format Version 12.00
# Visual Studio Version 17
VisualStudioVersion = 17.1.32319.34
MinimumVisualStudioVersion = 10.0.40219.1
Project("{9A19103F-16F7-4668-BE54-9A1E7A4F7556}") = "TrackerApi", "TrackerApi\TrackerApi.csproj", "{788CC709-041D-411B-A1FA-85A2AB217B50}"
EndProject
Project("{9A19103F-16F7-4668-BE54-9A1E7A4F7556}") = "TrackerApi.Infrastructure.Mongo", "TrackerApi.Infrastructure.Mongo\TrackerApi.Infrastructure.Mongo.csproj", "{976E22C8-2FFB-4F68-9408-8F3FB68552D6}"
EndProject
Project("{9A19103F-16F7-4668-BE54-9A1E7A4F7556}") = "TrackerApi.Proximity", "TrackerApi.Proximity\TrackerApi.Proximity.csproj", "{3CE9FB09-69D3-4BC4-A0AD-6B72699290E5}"
EndProject
Project("{9A19103F-16F7-4668-BE54-9A1E7A4F7556}") = "TrackerApi.Proximity.Tests", "TrackerApi.Proximity.Tests\TrackerApi.Proximity.Tests.csproj", "{88795626-0E44-4B8A-AF71-2342D29410BF}"
EndProject
Global
	GlobalSection(SolutionConfigurationPlatforms) = preSolution
		Debug|Any CPU = Debug|Any CPU
		Release|Any CPU = Release|Any CPU
	EndGlobalSection
	GlobalSection(ProjectConfigurationPlatforms) = postSolution
		{788CC709-041D-411B-A1FA-85A2AB217B50}.Debug|Any CPU.ActiveCfg = Debug|Any CPU
		{788CC709-041D-411B-A1FA-85A2AB217B50}.Debug|Any CPU.Build.0 = Debug|Any CPU
		{788CC709-041D-411B-A1FA-85A2AB217B50}.Release|Any CPU.ActiveCfg = Release|Any CPU
		{788CC709-041D-411B-A1FA-85A2AB217B50}.Release|Any CPU.Build.0 = Release|Any CPU
		{976E22C8-2FFB-4F68-9408-8F3FB68552D6}.Debug|Any CPU.ActiveCfg = Debug|Any CPU
		{976E22C8-2FFB-4F68-9408-8F3FB68552D6}.Debug|Any CPU.Build.0 = Debug|Any CPU
		{976E22C8-2FFB-4F68-9408-8F3FB68552D6}.Release|Any CPU.ActiveCfg = Release|Any CPU
		{976E22C8-2FFB-4F68-9408-8F3FB68552D6}.Release|Any CPU.Build.0 = Release|Any CPU
		{3CE9FB09-69D3-4BC4-A0AD-6B72699290E5}.Debug|Any CPU.ActiveCfg = Debug|Any CPU
		{3CE9FB09-69D3-4BC4-A0AD-6B72699290E5}.Debug|Any CPU.Build.0 = Debug|Any CPU
		{3CE9FB09-69D3-4BC4-A0AD-6B72699290E5}.Release|Any CPU.ActiveCfg = Release|Any CPU
		{3CE9FB09-69D3-4BC4-A0AD-6B72699290E5}.Release|Any CPU.Build.0 = Release|Any CPU
		{88795626-0E44-4B8A-AF71-2342D29410BF}.Debug|Any CPU.ActiveCfg = Debug|Any CPU
		{88795626-0E44-4B8A-AF71-2342D29410BF}.Debug|Any CPU.Build.0 = Debug|Any CPU
		{88795626-0E44-4B8A-AF71-2342D29410BF}.Release|Any CPU.ActiveCfg = Release|Any CPU
		{88795626-0E44-4B8A-AF71-2342D29410BF}.Release|Any CPU.Build.0 = Release|Any CPU
	EndGlobalSection
	GlobalSection(SolutionProperties) = preSolution
		HideSolutionNode = FALSE
	EndGlobalSection
	GlobalSection(ExtensibilityGlobals) = postSolution
		SolutionGuid = {09257EFA-304F-4C2F-82DF-BD3140D54264}
	EndGlobalSection
EndGlobal
